// !$*UTF8*$!
{
	archiveVersion = 1;
	classes = {
	};
	objectVersion = 56;
	objects = {

/* Begin PBXBuildFile section */
		0E2959E32C036BFE001FC8B7 /* BudgetPlanApp.swift in Sources */ = {isa = PBXBuildFile; fileRef = 0E2959E22C036BFE001FC8B7 /* BudgetPlanApp.swift */; };
		0E2959E72C036C01001FC8B7 /* Assets.xcassets in Resources */ = {isa = PBXBuildFile; fileRef = 0E2959E62C036C01001FC8B7 /* Assets.xcassets */; };
		0E2959EA2C036C01001FC8B7 /* Preview Assets.xcassets in Resources */ = {isa = PBXBuildFile; fileRef = 0E2959E92C036C01001FC8B7 /* Preview Assets.xcassets */; };
		0E2959F12C03712F001FC8B7 /* GoogleService-Info.plist in Resources */ = {isa = PBXBuildFile; fileRef = 0E2959F02C03712F001FC8B7 /* GoogleService-Info.plist */; };
		0E2959F42C0372A3001FC8B7 /* FirebaseAnalytics in Frameworks */ = {isa = PBXBuildFile; productRef = 0E2959F32C0372A3001FC8B7 /* FirebaseAnalytics */; };
		0E2959F82C0372A3001FC8B7 /* FirebaseAnalyticsSwift in Frameworks */ = {isa = PBXBuildFile; productRef = 0E2959F72C0372A3001FC8B7 /* FirebaseAnalyticsSwift */; };
		0E295A002C0372A3001FC8B7 /* FirebaseAuth in Frameworks */ = {isa = PBXBuildFile; productRef = 0E2959FF2C0372A3001FC8B7 /* FirebaseAuth */; };
		0E2FCDB62C3478D0006F5FB8 /* SettingsView.swift in Sources */ = {isa = PBXBuildFile; fileRef = 0E2FCDB52C3478D0006F5FB8 /* SettingsView.swift */; };
		0E2FCDB82C347965006F5FB8 /* SettingsViewModel.swift in Sources */ = {isa = PBXBuildFile; fileRef = 0E2FCDB72C347965006F5FB8 /* SettingsViewModel.swift */; };
		0E2FCDBA2C347D0A006F5FB8 /* MainView.swift in Sources */ = {isa = PBXBuildFile; fileRef = 0E2FCDB92C347D0A006F5FB8 /* MainView.swift */; };
		0E2FCDC02C347DB1006F5FB8 /* AccountsView.swift in Sources */ = {isa = PBXBuildFile; fileRef = 0E2FCDBF2C347DB1006F5FB8 /* AccountsView.swift */; };
		0E2FCDC22C347DCD006F5FB8 /* BudgetsView.swift in Sources */ = {isa = PBXBuildFile; fileRef = 0E2FCDC12C347DCD006F5FB8 /* BudgetsView.swift */; };
		0E2FCDC42C347E03006F5FB8 /* TransactionsView.swift in Sources */ = {isa = PBXBuildFile; fileRef = 0E2FCDC32C347E03006F5FB8 /* TransactionsView.swift */; };
		0E2FCDC62C3496DD006F5FB8 /* TransactionCardView.swift in Sources */ = {isa = PBXBuildFile; fileRef = 0E2FCDC52C3496DD006F5FB8 /* TransactionCardView.swift */; };
		0E3524AA2C6D70CF006DA545 /* AddTransactionSheet.swift in Sources */ = {isa = PBXBuildFile; fileRef = 0E3524A92C6D70CF006DA545 /* AddTransactionSheet.swift */; };
		0E3524AD2C713FEC006DA545 /* Helper.swift in Sources */ = {isa = PBXBuildFile; fileRef = 0E3524AC2C713FEC006DA545 /* Helper.swift */; };
		0E3524AF2C714386006DA545 /* BudgetFormView.swift in Sources */ = {isa = PBXBuildFile; fileRef = 0E3524AE2C714386006DA545 /* BudgetFormView.swift */; };
		0E3524B12C715573006DA545 /* AddCategoryView.swift in Sources */ = {isa = PBXBuildFile; fileRef = 0E3524B02C715573006DA545 /* AddCategoryView.swift */; };
		0E7BDD1F2C08C1630030666F /* SignInView.swift in Sources */ = {isa = PBXBuildFile; fileRef = 0E7BDD1E2C08C1630030666F /* SignInView.swift */; };
		0E7BDD212C08C3FB0030666F /* AuthenticationManager.swift in Sources */ = {isa = PBXBuildFile; fileRef = 0E7BDD202C08C3FB0030666F /* AuthenticationManager.swift */; };
		0E7BDD232C08D81D0030666F /* RootView.swift in Sources */ = {isa = PBXBuildFile; fileRef = 0E7BDD222C08D81D0030666F /* RootView.swift */; };
		0E7BDD282C257F920030666F /* FirebaseFirestoreSwift in Frameworks */ = {isa = PBXBuildFile; productRef = 0E7BDD272C257F920030666F /* FirebaseFirestoreSwift */; };
		0E7BDD2A2C257F9E0030666F /* FirebaseFirestore in Frameworks */ = {isa = PBXBuildFile; productRef = 0E7BDD292C257F9E0030666F /* FirebaseFirestore */; };
		0E7BDD2D2C28AE810030666F /* ProfileView.swift in Sources */ = {isa = PBXBuildFile; fileRef = 0E7BDD2C2C28AE810030666F /* ProfileView.swift */; };
		0E7BDD302C28B0200030666F /* UserManager.swift in Sources */ = {isa = PBXBuildFile; fileRef = 0E7BDD2F2C28B0200030666F /* UserManager.swift */; };
		0E7BDD362C2B43520030666F /* SignInViewModel.swift in Sources */ = {isa = PBXBuildFile; fileRef = 0E7BDD352C2B43520030666F /* SignInViewModel.swift */; };
		0E7BDD3B2C2C8E3F0030666F /* TransactionViewModel.swift in Sources */ = {isa = PBXBuildFile; fileRef = 0E7BDD3A2C2C8E3F0030666F /* TransactionViewModel.swift */; };
		0E7BDD3D2C2C929B0030666F /* TransactionManager.swift in Sources */ = {isa = PBXBuildFile; fileRef = 0E7BDD3C2C2C929B0030666F /* TransactionManager.swift */; };
		0EFB35FD2C61316A00660128 /* TransactionDetailSheet.swift in Sources */ = {isa = PBXBuildFile; fileRef = 0EFB35FC2C61316A00660128 /* TransactionDetailSheet.swift */; };
		0EFB36002C6403E800660128 /* FlowLayout.swift in Sources */ = {isa = PBXBuildFile; fileRef = 0EFB35FF2C6403E800660128 /* FlowLayout.swift */; };
		0EFB36032C64087700660128 /* CategoryViewModel.swift in Sources */ = {isa = PBXBuildFile; fileRef = 0EFB36022C64087700660128 /* CategoryViewModel.swift */; };
		0EFB36082C65421B00660128 /* CategoryManager.swift in Sources */ = {isa = PBXBuildFile; fileRef = 0EFB36072C65421B00660128 /* CategoryManager.swift */; };
		0EFB360A2C65496200660128 /* BudgetViewModel.swift in Sources */ = {isa = PBXBuildFile; fileRef = 0EFB36092C65496200660128 /* BudgetViewModel.swift */; };
		0EFB360C2C654A5400660128 /* BudgetManager.swift in Sources */ = {isa = PBXBuildFile; fileRef = 0EFB360B2C654A5400660128 /* BudgetManager.swift */; };
		0EFB360E2C655A7900660128 /* BudgetCardView.swift in Sources */ = {isa = PBXBuildFile; fileRef = 0EFB360D2C655A7900660128 /* BudgetCardView.swift */; };
		0EFB36102C66320200660128 /* CategoryView.swift in Sources */ = {isa = PBXBuildFile; fileRef = 0EFB360F2C66320200660128 /* CategoryView.swift */; };
		0EFB36122C6633C600660128 /* AccountViewModel.swift in Sources */ = {isa = PBXBuildFile; fileRef = 0EFB36112C6633C600660128 /* AccountViewModel.swift */; };
		0EFB36142C6635E300660128 /* AccountManager.swift in Sources */ = {isa = PBXBuildFile; fileRef = 0EFB36132C6635E300660128 /* AccountManager.swift */; };
		0EFB36162C690EB600660128 /* AccountCardView.swift in Sources */ = {isa = PBXBuildFile; fileRef = 0EFB36152C690EB600660128 /* AccountCardView.swift */; };
/* End PBXBuildFile section */

/* Begin PBXFileReference section */
		0E2959DF2C036BFE001FC8B7 /* BudgetPlan.app */ = {isa = PBXFileReference; explicitFileType = wrapper.application; includeInIndex = 0; path = BudgetPlan.app; sourceTree = BUILT_PRODUCTS_DIR; };
		0E2959E22C036BFE001FC8B7 /* BudgetPlanApp.swift */ = {isa = PBXFileReference; lastKnownFileType = sourcecode.swift; path = BudgetPlanApp.swift; sourceTree = "<group>"; };
		0E2959E62C036C01001FC8B7 /* Assets.xcassets */ = {isa = PBXFileReference; lastKnownFileType = folder.assetcatalog; path = Assets.xcassets; sourceTree = "<group>"; };
		0E2959E92C036C01001FC8B7 /* Preview Assets.xcassets */ = {isa = PBXFileReference; lastKnownFileType = folder.assetcatalog; path = "Preview Assets.xcassets"; sourceTree = "<group>"; };
		0E2959F02C03712F001FC8B7 /* GoogleService-Info.plist */ = {isa = PBXFileReference; fileEncoding = 4; lastKnownFileType = text.plist.xml; path = "GoogleService-Info.plist"; sourceTree = "<group>"; };
		0E2FCDB52C3478D0006F5FB8 /* SettingsView.swift */ = {isa = PBXFileReference; lastKnownFileType = sourcecode.swift; path = SettingsView.swift; sourceTree = "<group>"; };
		0E2FCDB72C347965006F5FB8 /* SettingsViewModel.swift */ = {isa = PBXFileReference; lastKnownFileType = sourcecode.swift; path = SettingsViewModel.swift; sourceTree = "<group>"; };
		0E2FCDB92C347D0A006F5FB8 /* MainView.swift */ = {isa = PBXFileReference; lastKnownFileType = sourcecode.swift; path = MainView.swift; sourceTree = "<group>"; };
		0E2FCDBF2C347DB1006F5FB8 /* AccountsView.swift */ = {isa = PBXFileReference; lastKnownFileType = sourcecode.swift; path = AccountsView.swift; sourceTree = "<group>"; };
		0E2FCDC12C347DCD006F5FB8 /* BudgetsView.swift */ = {isa = PBXFileReference; lastKnownFileType = sourcecode.swift; path = BudgetsView.swift; sourceTree = "<group>"; };
		0E2FCDC32C347E03006F5FB8 /* TransactionsView.swift */ = {isa = PBXFileReference; lastKnownFileType = sourcecode.swift; path = TransactionsView.swift; sourceTree = "<group>"; };
		0E2FCDC52C3496DD006F5FB8 /* TransactionCardView.swift */ = {isa = PBXFileReference; lastKnownFileType = sourcecode.swift; path = TransactionCardView.swift; sourceTree = "<group>"; };
		0E3524A92C6D70CF006DA545 /* AddTransactionSheet.swift */ = {isa = PBXFileReference; lastKnownFileType = sourcecode.swift; path = AddTransactionSheet.swift; sourceTree = "<group>"; };
		0E3524AC2C713FEC006DA545 /* Helper.swift */ = {isa = PBXFileReference; lastKnownFileType = sourcecode.swift; path = Helper.swift; sourceTree = "<group>"; };
		0E3524AE2C714386006DA545 /* BudgetFormView.swift */ = {isa = PBXFileReference; lastKnownFileType = sourcecode.swift; path = BudgetFormView.swift; sourceTree = "<group>"; };
		0E3524B02C715573006DA545 /* AddCategoryView.swift */ = {isa = PBXFileReference; lastKnownFileType = sourcecode.swift; path = AddCategoryView.swift; sourceTree = "<group>"; };
		0E7BDD1E2C08C1630030666F /* SignInView.swift */ = {isa = PBXFileReference; lastKnownFileType = sourcecode.swift; path = SignInView.swift; sourceTree = "<group>"; };
		0E7BDD202C08C3FB0030666F /* AuthenticationManager.swift */ = {isa = PBXFileReference; lastKnownFileType = sourcecode.swift; path = AuthenticationManager.swift; sourceTree = "<group>"; };
		0E7BDD222C08D81D0030666F /* RootView.swift */ = {isa = PBXFileReference; lastKnownFileType = sourcecode.swift; path = RootView.swift; sourceTree = "<group>"; };
		0E7BDD2C2C28AE810030666F /* ProfileView.swift */ = {isa = PBXFileReference; lastKnownFileType = sourcecode.swift; path = ProfileView.swift; sourceTree = "<group>"; };
		0E7BDD2F2C28B0200030666F /* UserManager.swift */ = {isa = PBXFileReference; lastKnownFileType = sourcecode.swift; path = UserManager.swift; sourceTree = "<group>"; };
		0E7BDD352C2B43520030666F /* SignInViewModel.swift */ = {isa = PBXFileReference; lastKnownFileType = sourcecode.swift; path = SignInViewModel.swift; sourceTree = "<group>"; };
		0E7BDD3A2C2C8E3F0030666F /* TransactionViewModel.swift */ = {isa = PBXFileReference; lastKnownFileType = sourcecode.swift; path = TransactionViewModel.swift; sourceTree = "<group>"; };
		0E7BDD3C2C2C929B0030666F /* TransactionManager.swift */ = {isa = PBXFileReference; lastKnownFileType = sourcecode.swift; path = TransactionManager.swift; sourceTree = "<group>"; };
		0EFB35FC2C61316A00660128 /* TransactionDetailSheet.swift */ = {isa = PBXFileReference; lastKnownFileType = sourcecode.swift; path = TransactionDetailSheet.swift; sourceTree = "<group>"; };
		0EFB35FF2C6403E800660128 /* FlowLayout.swift */ = {isa = PBXFileReference; lastKnownFileType = sourcecode.swift; path = FlowLayout.swift; sourceTree = "<group>"; };
		0EFB36022C64087700660128 /* CategoryViewModel.swift */ = {isa = PBXFileReference; lastKnownFileType = sourcecode.swift; path = CategoryViewModel.swift; sourceTree = "<group>"; };
		0EFB36072C65421B00660128 /* CategoryManager.swift */ = {isa = PBXFileReference; lastKnownFileType = sourcecode.swift; path = CategoryManager.swift; sourceTree = "<group>"; };
		0EFB36092C65496200660128 /* BudgetViewModel.swift */ = {isa = PBXFileReference; lastKnownFileType = sourcecode.swift; path = BudgetViewModel.swift; sourceTree = "<group>"; };
		0EFB360B2C654A5400660128 /* BudgetManager.swift */ = {isa = PBXFileReference; lastKnownFileType = sourcecode.swift; path = BudgetManager.swift; sourceTree = "<group>"; };
		0EFB360D2C655A7900660128 /* BudgetCardView.swift */ = {isa = PBXFileReference; lastKnownFileType = sourcecode.swift; path = BudgetCardView.swift; sourceTree = "<group>"; };
		0EFB360F2C66320200660128 /* CategoryView.swift */ = {isa = PBXFileReference; lastKnownFileType = sourcecode.swift; path = CategoryView.swift; sourceTree = "<group>"; };
		0EFB36112C6633C600660128 /* AccountViewModel.swift */ = {isa = PBXFileReference; lastKnownFileType = sourcecode.swift; path = AccountViewModel.swift; sourceTree = "<group>"; };
		0EFB36132C6635E300660128 /* AccountManager.swift */ = {isa = PBXFileReference; lastKnownFileType = sourcecode.swift; path = AccountManager.swift; sourceTree = "<group>"; };
		0EFB36152C690EB600660128 /* AccountCardView.swift */ = {isa = PBXFileReference; lastKnownFileType = sourcecode.swift; path = AccountCardView.swift; sourceTree = "<group>"; };
/* End PBXFileReference section */

/* Begin PBXFrameworksBuildPhase section */
		0E2959DC2C036BFE001FC8B7 /* Frameworks */ = {
			isa = PBXFrameworksBuildPhase;
			buildActionMask = 2147483647;
			files = (
				0E2959F82C0372A3001FC8B7 /* FirebaseAnalyticsSwift in Frameworks */,
				0E2959F42C0372A3001FC8B7 /* FirebaseAnalytics in Frameworks */,
				0E295A002C0372A3001FC8B7 /* FirebaseAuth in Frameworks */,
				0E7BDD2A2C257F9E0030666F /* FirebaseFirestore in Frameworks */,
				0E7BDD282C257F920030666F /* FirebaseFirestoreSwift in Frameworks */,
			);
			runOnlyForDeploymentPostprocessing = 0;
		};
/* End PBXFrameworksBuildPhase section */

/* Begin PBXGroup section */
		0E2959D62C036BFE001FC8B7 = {
			isa = PBXGroup;
			children = (
				0E2959E12C036BFE001FC8B7 /* BudgetPlan */,
				0E2959E02C036BFE001FC8B7 /* Products */,
				0E7BDD262C257F920030666F /* Frameworks */,
			);
			sourceTree = "<group>";
		};
		0E2959E02C036BFE001FC8B7 /* Products */ = {
			isa = PBXGroup;
			children = (
				0E2959DF2C036BFE001FC8B7 /* BudgetPlan.app */,
			);
			name = Products;
			sourceTree = "<group>";
		};
		0E2959E12C036BFE001FC8B7 /* BudgetPlan */ = {
			isa = PBXGroup;
			children = (
				0E3524AB2C713FDE006DA545 /* Util */,
				0EFB36012C64085D00660128 /* Category */,
				0E2FCDBC2C347D63006F5FB8 /* Account */,
				0E2FCDBB2C347D55006F5FB8 /* Budget */,
				0E2FCDB42C3478A5006F5FB8 /* Settings */,
				0E7BDD372C2C8E080030666F /* Transaction */,
				0E7BDD342C2B41190030666F /* Core */,
				0E7BDD2E2C28B0080030666F /* Firestore */,
				0E7BDD2B2C28AE4A0030666F /* Profile */,
				0E7BDD1B2C08BF070030666F /* Authentification */,
				0E2959F02C03712F001FC8B7 /* GoogleService-Info.plist */,
				0E2959E22C036BFE001FC8B7 /* BudgetPlanApp.swift */,
				0E2959E62C036C01001FC8B7 /* Assets.xcassets */,
				0E2959E82C036C01001FC8B7 /* Preview Content */,
			);
			path = BudgetPlan;
			sourceTree = "<group>";
		};
		0E2959E82C036C01001FC8B7 /* Preview Content */ = {
			isa = PBXGroup;
			children = (
				0E2959E92C036C01001FC8B7 /* Preview Assets.xcassets */,
			);
			path = "Preview Content";
			sourceTree = "<group>";
		};
		0E2FCDB42C3478A5006F5FB8 /* Settings */ = {
			isa = PBXGroup;
			children = (
				0E2FCDB52C3478D0006F5FB8 /* SettingsView.swift */,
				0E2FCDB72C347965006F5FB8 /* SettingsViewModel.swift */,
			);
			path = Settings;
			sourceTree = "<group>";
		};
		0E2FCDBB2C347D55006F5FB8 /* Budget */ = {
			isa = PBXGroup;
			children = (
				0E2FCDC12C347DCD006F5FB8 /* BudgetsView.swift */,
				0EFB36092C65496200660128 /* BudgetViewModel.swift */,
				0EFB360D2C655A7900660128 /* BudgetCardView.swift */,
				0E3524AE2C714386006DA545 /* BudgetFormView.swift */,
			);
			path = Budget;
			sourceTree = "<group>";
		};
		0E2FCDBC2C347D63006F5FB8 /* Account */ = {
			isa = PBXGroup;
			children = (
				0E2FCDBF2C347DB1006F5FB8 /* AccountsView.swift */,
				0EFB36112C6633C600660128 /* AccountViewModel.swift */,
				0EFB36152C690EB600660128 /* AccountCardView.swift */,
			);
			path = Account;
			sourceTree = "<group>";
		};
		0E3524AB2C713FDE006DA545 /* Util */ = {
			isa = PBXGroup;
			children = (
				0E3524AC2C713FEC006DA545 /* Helper.swift */,
			);
			path = Util;
			sourceTree = "<group>";
		};
		0E7BDD1B2C08BF070030666F /* Authentification */ = {
			isa = PBXGroup;
			children = (
				0E7BDD1E2C08C1630030666F /* SignInView.swift */,
				0E7BDD202C08C3FB0030666F /* AuthenticationManager.swift */,
				0E7BDD352C2B43520030666F /* SignInViewModel.swift */,
			);
			path = Authentification;
			sourceTree = "<group>";
		};
		0E7BDD262C257F920030666F /* Frameworks */ = {
			isa = PBXGroup;
			children = (
			);
			name = Frameworks;
			sourceTree = "<group>";
		};
		0E7BDD2B2C28AE4A0030666F /* Profile */ = {
			isa = PBXGroup;
			children = (
				0E7BDD2C2C28AE810030666F /* ProfileView.swift */,
			);
			path = Profile;
			sourceTree = "<group>";
		};
		0E7BDD2E2C28B0080030666F /* Firestore */ = {
			isa = PBXGroup;
			children = (
				0E7BDD2F2C28B0200030666F /* UserManager.swift */,
				0E7BDD3C2C2C929B0030666F /* TransactionManager.swift */,
				0EFB36072C65421B00660128 /* CategoryManager.swift */,
				0EFB360B2C654A5400660128 /* BudgetManager.swift */,
				0EFB36132C6635E300660128 /* AccountManager.swift */,
			);
			path = Firestore;
			sourceTree = "<group>";
		};
		0E7BDD342C2B41190030666F /* Core */ = {
			isa = PBXGroup;
			children = (
				0E7BDD222C08D81D0030666F /* RootView.swift */,
				0E2FCDB92C347D0A006F5FB8 /* MainView.swift */,
			);
			path = Core;
			sourceTree = "<group>";
		};
		0E7BDD372C2C8E080030666F /* Transaction */ = {
			isa = PBXGroup;
			children = (
				0E7BDD3A2C2C8E3F0030666F /* TransactionViewModel.swift */,
				0E2FCDC32C347E03006F5FB8 /* TransactionsView.swift */,
				0E2FCDC52C3496DD006F5FB8 /* TransactionCardView.swift */,
				0EFB35FC2C61316A00660128 /* TransactionDetailSheet.swift */,
				0E3524A92C6D70CF006DA545 /* AddTransactionSheet.swift */,
			);
			path = Transaction;
			sourceTree = "<group>";
		};
		0EFB36012C64085D00660128 /* Category */ = {
			isa = PBXGroup;
			children = (
				0EFB36022C64087700660128 /* CategoryViewModel.swift */,
				0EFB35FF2C6403E800660128 /* FlowLayout.swift */,
				0EFB360F2C66320200660128 /* CategoryView.swift */,
				0E3524B02C715573006DA545 /* AddCategoryView.swift */,
			);
			path = Category;
			sourceTree = "<group>";
		};
/* End PBXGroup section */

/* Begin PBXNativeTarget section */
		0E2959DE2C036BFE001FC8B7 /* BudgetPlan */ = {
			isa = PBXNativeTarget;
			buildConfigurationList = 0E2959ED2C036C01001FC8B7 /* Build configuration list for PBXNativeTarget "BudgetPlan" */;
			buildPhases = (
				0E2959DB2C036BFE001FC8B7 /* Sources */,
				0E2959DC2C036BFE001FC8B7 /* Frameworks */,
				0E2959DD2C036BFE001FC8B7 /* Resources */,
			);
			buildRules = (
			);
			dependencies = (
			);
			name = BudgetPlan;
			packageProductDependencies = (
				0E2959F32C0372A3001FC8B7 /* FirebaseAnalytics */,
				0E2959F72C0372A3001FC8B7 /* FirebaseAnalyticsSwift */,
				0E2959FF2C0372A3001FC8B7 /* FirebaseAuth */,
				0E7BDD272C257F920030666F /* FirebaseFirestoreSwift */,
				0E7BDD292C257F9E0030666F /* FirebaseFirestore */,
			);
			productName = BudgetPlan;
			productReference = 0E2959DF2C036BFE001FC8B7 /* BudgetPlan.app */;
			productType = "com.apple.product-type.application";
		};
/* End PBXNativeTarget section */

/* Begin PBXProject section */
		0E2959D72C036BFE001FC8B7 /* Project object */ = {
			isa = PBXProject;
			attributes = {
				BuildIndependentTargetsInParallel = 1;
				LastSwiftUpdateCheck = 1520;
				LastUpgradeCheck = 1520;
				TargetAttributes = {
					0E2959DE2C036BFE001FC8B7 = {
						CreatedOnToolsVersion = 15.2;
					};
				};
			};
			buildConfigurationList = 0E2959DA2C036BFE001FC8B7 /* Build configuration list for PBXProject "BudgetPlan" */;
			compatibilityVersion = "Xcode 14.0";
			developmentRegion = en;
			hasScannedForEncodings = 0;
			knownRegions = (
				en,
				Base,
			);
			mainGroup = 0E2959D62C036BFE001FC8B7;
			packageReferences = (
				0E2959F22C0372A3001FC8B7 /* XCRemoteSwiftPackageReference "firebase-ios-sdk" */,
			);
			productRefGroup = 0E2959E02C036BFE001FC8B7 /* Products */;
			projectDirPath = "";
			projectRoot = "";
			targets = (
				0E2959DE2C036BFE001FC8B7 /* BudgetPlan */,
			);
		};
/* End PBXProject section */

/* Begin PBXResourcesBuildPhase section */
		0E2959DD2C036BFE001FC8B7 /* Resources */ = {
			isa = PBXResourcesBuildPhase;
			buildActionMask = 2147483647;
			files = (
				0E2959EA2C036C01001FC8B7 /* Preview Assets.xcassets in Resources */,
				0E2959E72C036C01001FC8B7 /* Assets.xcassets in Resources */,
				0E2959F12C03712F001FC8B7 /* GoogleService-Info.plist in Resources */,
			);
			runOnlyForDeploymentPostprocessing = 0;
		};
/* End PBXResourcesBuildPhase section */

/* Begin PBXSourcesBuildPhase section */
		0E2959DB2C036BFE001FC8B7 /* Sources */ = {
			isa = PBXSourcesBuildPhase;
			buildActionMask = 2147483647;
			files = (
				0E7BDD302C28B0200030666F /* UserManager.swift in Sources */,
				0E2FCDBA2C347D0A006F5FB8 /* MainView.swift in Sources */,
				0E7BDD3D2C2C929B0030666F /* TransactionManager.swift in Sources */,
				0EFB36002C6403E800660128 /* FlowLayout.swift in Sources */,
				0EFB35FD2C61316A00660128 /* TransactionDetailSheet.swift in Sources */,
				0EFB360A2C65496200660128 /* BudgetViewModel.swift in Sources */,
				0E3524B12C715573006DA545 /* AddCategoryView.swift in Sources */,
				0E7BDD2D2C28AE810030666F /* ProfileView.swift in Sources */,
				0E2FCDC42C347E03006F5FB8 /* TransactionsView.swift in Sources */,
				0E3524AA2C6D70CF006DA545 /* AddTransactionSheet.swift in Sources */,
				0EFB36082C65421B00660128 /* CategoryManager.swift in Sources */,
				0E2FCDC62C3496DD006F5FB8 /* TransactionCardView.swift in Sources */,
				0E2FCDC22C347DCD006F5FB8 /* BudgetsView.swift in Sources */,
				0E3524AD2C713FEC006DA545 /* Helper.swift in Sources */,
				0E2FCDC02C347DB1006F5FB8 /* AccountsView.swift in Sources */,
				0E2959E32C036BFE001FC8B7 /* BudgetPlanApp.swift in Sources */,
				0EFB36102C66320200660128 /* CategoryView.swift in Sources */,
				0EFB36032C64087700660128 /* CategoryViewModel.swift in Sources */,
				0EFB360E2C655A7900660128 /* BudgetCardView.swift in Sources */,
				0E7BDD362C2B43520030666F /* SignInViewModel.swift in Sources */,
				0E7BDD232C08D81D0030666F /* RootView.swift in Sources */,
				0EFB360C2C654A5400660128 /* BudgetManager.swift in Sources */,
				0E7BDD1F2C08C1630030666F /* SignInView.swift in Sources */,
				0E2FCDB82C347965006F5FB8 /* SettingsViewModel.swift in Sources */,
				0E3524AF2C714386006DA545 /* BudgetFormView.swift in Sources */,
				0E7BDD212C08C3FB0030666F /* AuthenticationManager.swift in Sources */,
				0EFB36142C6635E300660128 /* AccountManager.swift in Sources */,
				0E2FCDB62C3478D0006F5FB8 /* SettingsView.swift in Sources */,
				0EFB36122C6633C600660128 /* AccountViewModel.swift in Sources */,
				0EFB36162C690EB600660128 /* AccountCardView.swift in Sources */,
				0E7BDD3B2C2C8E3F0030666F /* TransactionViewModel.swift in Sources */,
			);
			runOnlyForDeploymentPostprocessing = 0;
		};
/* End PBXSourcesBuildPhase section */

/* Begin XCBuildConfiguration section */
		0E2959EB2C036C01001FC8B7 /* Debug */ = {
			isa = XCBuildConfiguration;
			buildSettings = {
				ALWAYS_SEARCH_USER_PATHS = NO;
				ASSETCATALOG_COMPILER_GENERATE_SWIFT_ASSET_SYMBOL_EXTENSIONS = YES;
				CLANG_ANALYZER_NONNULL = YES;
				CLANG_ANALYZER_NUMBER_OBJECT_CONVERSION = YES_AGGRESSIVE;
				CLANG_CXX_LANGUAGE_STANDARD = "gnu++20";
				CLANG_ENABLE_MODULES = YES;
				CLANG_ENABLE_OBJC_ARC = YES;
				CLANG_ENABLE_OBJC_WEAK = YES;
				CLANG_WARN_BLOCK_CAPTURE_AUTORELEASING = YES;
				CLANG_WARN_BOOL_CONVERSION = YES;
				CLANG_WARN_COMMA = YES;
				CLANG_WARN_CONSTANT_CONVERSION = YES;
				CLANG_WARN_DEPRECATED_OBJC_IMPLEMENTATIONS = YES;
				CLANG_WARN_DIRECT_OBJC_ISA_USAGE = YES_ERROR;
				CLANG_WARN_DOCUMENTATION_COMMENTS = YES;
				CLANG_WARN_EMPTY_BODY = YES;
				CLANG_WARN_ENUM_CONVERSION = YES;
				CLANG_WARN_INFINITE_RECURSION = YES;
				CLANG_WARN_INT_CONVERSION = YES;
				CLANG_WARN_NON_LITERAL_NULL_CONVERSION = YES;
				CLANG_WARN_OBJC_IMPLICIT_RETAIN_SELF = YES;
				CLANG_WARN_OBJC_LITERAL_CONVERSION = YES;
				CLANG_WARN_OBJC_ROOT_CLASS = YES_ERROR;
				CLANG_WARN_QUOTED_INCLUDE_IN_FRAMEWORK_HEADER = YES;
				CLANG_WARN_RANGE_LOOP_ANALYSIS = YES;
				CLANG_WARN_STRICT_PROTOTYPES = YES;
				CLANG_WARN_SUSPICIOUS_MOVE = YES;
				CLANG_WARN_UNGUARDED_AVAILABILITY = YES_AGGRESSIVE;
				CLANG_WARN_UNREACHABLE_CODE = YES;
				CLANG_WARN__DUPLICATE_METHOD_MATCH = YES;
				COPY_PHASE_STRIP = NO;
				DEBUG_INFORMATION_FORMAT = dwarf;
				ENABLE_STRICT_OBJC_MSGSEND = YES;
				ENABLE_TESTABILITY = YES;
				ENABLE_USER_SCRIPT_SANDBOXING = YES;
				GCC_C_LANGUAGE_STANDARD = gnu17;
				GCC_DYNAMIC_NO_PIC = NO;
				GCC_NO_COMMON_BLOCKS = YES;
				GCC_OPTIMIZATION_LEVEL = 0;
				GCC_PREPROCESSOR_DEFINITIONS = (
					"DEBUG=1",
					"$(inherited)",
				);
				GCC_WARN_64_TO_32_BIT_CONVERSION = YES;
				GCC_WARN_ABOUT_RETURN_TYPE = YES_ERROR;
				GCC_WARN_UNDECLARED_SELECTOR = YES;
				GCC_WARN_UNINITIALIZED_AUTOS = YES_AGGRESSIVE;
				GCC_WARN_UNUSED_FUNCTION = YES;
				GCC_WARN_UNUSED_VARIABLE = YES;
				IPHONEOS_DEPLOYMENT_TARGET = 17.2;
				LOCALIZATION_PREFERS_STRING_CATALOGS = YES;
				MTL_ENABLE_DEBUG_INFO = INCLUDE_SOURCE;
				MTL_FAST_MATH = YES;
				ONLY_ACTIVE_ARCH = YES;
				SDKROOT = iphoneos;
				SWIFT_ACTIVE_COMPILATION_CONDITIONS = "DEBUG $(inherited)";
				SWIFT_OPTIMIZATION_LEVEL = "-Onone";
			};
			name = Debug;
		};
		0E2959EC2C036C01001FC8B7 /* Release */ = {
			isa = XCBuildConfiguration;
			buildSettings = {
				ALWAYS_SEARCH_USER_PATHS = NO;
				ASSETCATALOG_COMPILER_GENERATE_SWIFT_ASSET_SYMBOL_EXTENSIONS = YES;
				CLANG_ANALYZER_NONNULL = YES;
				CLANG_ANALYZER_NUMBER_OBJECT_CONVERSION = YES_AGGRESSIVE;
				CLANG_CXX_LANGUAGE_STANDARD = "gnu++20";
				CLANG_ENABLE_MODULES = YES;
				CLANG_ENABLE_OBJC_ARC = YES;
				CLANG_ENABLE_OBJC_WEAK = YES;
				CLANG_WARN_BLOCK_CAPTURE_AUTORELEASING = YES;
				CLANG_WARN_BOOL_CONVERSION = YES;
				CLANG_WARN_COMMA = YES;
				CLANG_WARN_CONSTANT_CONVERSION = YES;
				CLANG_WARN_DEPRECATED_OBJC_IMPLEMENTATIONS = YES;
				CLANG_WARN_DIRECT_OBJC_ISA_USAGE = YES_ERROR;
				CLANG_WARN_DOCUMENTATION_COMMENTS = YES;
				CLANG_WARN_EMPTY_BODY = YES;
				CLANG_WARN_ENUM_CONVERSION = YES;
				CLANG_WARN_INFINITE_RECURSION = YES;
				CLANG_WARN_INT_CONVERSION = YES;
				CLANG_WARN_NON_LITERAL_NULL_CONVERSION = YES;
				CLANG_WARN_OBJC_IMPLICIT_RETAIN_SELF = YES;
				CLANG_WARN_OBJC_LITERAL_CONVERSION = YES;
				CLANG_WARN_OBJC_ROOT_CLASS = YES_ERROR;
				CLANG_WARN_QUOTED_INCLUDE_IN_FRAMEWORK_HEADER = YES;
				CLANG_WARN_RANGE_LOOP_ANALYSIS = YES;
				CLANG_WARN_STRICT_PROTOTYPES = YES;
				CLANG_WARN_SUSPICIOUS_MOVE = YES;
				CLANG_WARN_UNGUARDED_AVAILABILITY = YES_AGGRESSIVE;
				CLANG_WARN_UNREACHABLE_CODE = YES;
				CLANG_WARN__DUPLICATE_METHOD_MATCH = YES;
				COPY_PHASE_STRIP = NO;
				DEBUG_INFORMATION_FORMAT = "dwarf-with-dsym";
				ENABLE_NS_ASSERTIONS = NO;
				ENABLE_STRICT_OBJC_MSGSEND = YES;
				ENABLE_USER_SCRIPT_SANDBOXING = YES;
				GCC_C_LANGUAGE_STANDARD = gnu17;
				GCC_NO_COMMON_BLOCKS = YES;
				GCC_WARN_64_TO_32_BIT_CONVERSION = YES;
				GCC_WARN_ABOUT_RETURN_TYPE = YES_ERROR;
				GCC_WARN_UNDECLARED_SELECTOR = YES;
				GCC_WARN_UNINITIALIZED_AUTOS = YES_AGGRESSIVE;
				GCC_WARN_UNUSED_FUNCTION = YES;
				GCC_WARN_UNUSED_VARIABLE = YES;
				IPHONEOS_DEPLOYMENT_TARGET = 17.2;
				LOCALIZATION_PREFERS_STRING_CATALOGS = YES;
				MTL_ENABLE_DEBUG_INFO = NO;
				MTL_FAST_MATH = YES;
				SDKROOT = iphoneos;
				SWIFT_COMPILATION_MODE = wholemodule;
				VALIDATE_PRODUCT = YES;
			};
			name = Release;
		};
		0E2959EE2C036C01001FC8B7 /* Debug */ = {
			isa = XCBuildConfiguration;
			buildSettings = {
				ASSETCATALOG_COMPILER_APPICON_NAME = AppIcon;
				ASSETCATALOG_COMPILER_GLOBAL_ACCENT_COLOR_NAME = AccentColor;
				CODE_SIGN_STYLE = Automatic;
				CURRENT_PROJECT_VERSION = 1;
				DEVELOPMENT_ASSET_PATHS = "\"BudgetPlan/Preview Content\"";
				DEVELOPMENT_TEAM = AQ3XU82FM7;
				ENABLE_PREVIEWS = YES;
				GENERATE_INFOPLIST_FILE = YES;
				INFOPLIST_KEY_UIApplicationSceneManifest_Generation = YES;
				INFOPLIST_KEY_UIApplicationSupportsIndirectInputEvents = YES;
				INFOPLIST_KEY_UILaunchScreen_Generation = YES;
				INFOPLIST_KEY_UISupportedInterfaceOrientations_iPad = "UIInterfaceOrientationPortrait UIInterfaceOrientationPortraitUpsideDown UIInterfaceOrientationLandscapeLeft UIInterfaceOrientationLandscapeRight";
				INFOPLIST_KEY_UISupportedInterfaceOrientations_iPhone = "UIInterfaceOrientationPortrait UIInterfaceOrientationLandscapeLeft UIInterfaceOrientationLandscapeRight";
				LD_RUNPATH_SEARCH_PATHS = (
					"$(inherited)",
					"@executable_path/Frameworks",
				);
				MARKETING_VERSION = 1.0;
				PRODUCT_BUNDLE_IDENTIFIER = tamara.BudgetPlan;
				PRODUCT_NAME = "$(TARGET_NAME)";
				SWIFT_EMIT_LOC_STRINGS = YES;
				SWIFT_VERSION = 5.0;
				TARGETED_DEVICE_FAMILY = "1,2";
			};
			name = Debug;
		};
		0E2959EF2C036C01001FC8B7 /* Release */ = {
			isa = XCBuildConfiguration;
			buildSettings = {
				ASSETCATALOG_COMPILER_APPICON_NAME = AppIcon;
				ASSETCATALOG_COMPILER_GLOBAL_ACCENT_COLOR_NAME = AccentColor;
				CODE_SIGN_STYLE = Automatic;
				CURRENT_PROJECT_VERSION = 1;
				DEVELOPMENT_ASSET_PATHS = "\"BudgetPlan/Preview Content\"";
				DEVELOPMENT_TEAM = AQ3XU82FM7;
				ENABLE_PREVIEWS = YES;
				GENERATE_INFOPLIST_FILE = YES;
				INFOPLIST_KEY_UIApplicationSceneManifest_Generation = YES;
				INFOPLIST_KEY_UIApplicationSupportsIndirectInputEvents = YES;
				INFOPLIST_KEY_UILaunchScreen_Generation = YES;
				INFOPLIST_KEY_UISupportedInterfaceOrientations_iPad = "UIInterfaceOrientationPortrait UIInterfaceOrientationPortraitUpsideDown UIInterfaceOrientationLandscapeLeft UIInterfaceOrientationLandscapeRight";
				INFOPLIST_KEY_UISupportedInterfaceOrientations_iPhone = "UIInterfaceOrientationPortrait UIInterfaceOrientationLandscapeLeft UIInterfaceOrientationLandscapeRight";
				LD_RUNPATH_SEARCH_PATHS = (
					"$(inherited)",
					"@executable_path/Frameworks",
				);
				MARKETING_VERSION = 1.0;
				PRODUCT_BUNDLE_IDENTIFIER = tamara.BudgetPlan;
				PRODUCT_NAME = "$(TARGET_NAME)";
				SWIFT_EMIT_LOC_STRINGS = YES;
				SWIFT_VERSION = 5.0;
				TARGETED_DEVICE_FAMILY = "1,2";
			};
			name = Release;
		};
/* End XCBuildConfiguration section */

/* Begin XCConfigurationList section */
		0E2959DA2C036BFE001FC8B7 /* Build configuration list for PBXProject "BudgetPlan" */ = {
			isa = XCConfigurationList;
			buildConfigurations = (
				0E2959EB2C036C01001FC8B7 /* Debug */,
				0E2959EC2C036C01001FC8B7 /* Release */,
			);
			defaultConfigurationIsVisible = 0;
			defaultConfigurationName = Release;
		};
		0E2959ED2C036C01001FC8B7 /* Build configuration list for PBXNativeTarget "BudgetPlan" */ = {
			isa = XCConfigurationList;
			buildConfigurations = (
				0E2959EE2C036C01001FC8B7 /* Debug */,
				0E2959EF2C036C01001FC8B7 /* Release */,
			);
			defaultConfigurationIsVisible = 0;
			defaultConfigurationName = Release;
		};
/* End XCConfigurationList section */

/* Begin XCRemoteSwiftPackageReference section */
		0E2959F22C0372A3001FC8B7 /* XCRemoteSwiftPackageReference "firebase-ios-sdk" */ = {
			isa = XCRemoteSwiftPackageReference;
			repositoryURL = "https://github.com/firebase/firebase-ios-sdk";
			requirement = {
				kind = upToNextMajorVersion;
				minimumVersion = 10.26.0;
			};
		};
/* End XCRemoteSwiftPackageReference section */

/* Begin XCSwiftPackageProductDependency section */
		0E2959F32C0372A3001FC8B7 /* FirebaseAnalytics */ = {
			isa = XCSwiftPackageProductDependency;
			package = 0E2959F22C0372A3001FC8B7 /* XCRemoteSwiftPackageReference "firebase-ios-sdk" */;
			productName = FirebaseAnalytics;
		};
		0E2959F72C0372A3001FC8B7 /* FirebaseAnalyticsSwift */ = {
			isa = XCSwiftPackageProductDependency;
			package = 0E2959F22C0372A3001FC8B7 /* XCRemoteSwiftPackageReference "firebase-ios-sdk" */;
			productName = FirebaseAnalyticsSwift;
		};
		0E2959FF2C0372A3001FC8B7 /* FirebaseAuth */ = {
			isa = XCSwiftPackageProductDependency;
			package = 0E2959F22C0372A3001FC8B7 /* XCRemoteSwiftPackageReference "firebase-ios-sdk" */;
			productName = FirebaseAuth;
		};
		0E7BDD272C257F920030666F /* FirebaseFirestoreSwift */ = {
			isa = XCSwiftPackageProductDependency;
			package = 0E2959F22C0372A3001FC8B7 /* XCRemoteSwiftPackageReference "firebase-ios-sdk" */;
			productName = FirebaseFirestoreSwift;
		};
		0E7BDD292C257F9E0030666F /* FirebaseFirestore */ = {
			isa = XCSwiftPackageProductDependency;
			package = 0E2959F22C0372A3001FC8B7 /* XCRemoteSwiftPackageReference "firebase-ios-sdk" */;
			productName = FirebaseFirestore;
		};
/* End XCSwiftPackageProductDependency section */
	};
	rootObject = 0E2959D72C036BFE001FC8B7 /* Project object */;
}
